
Microsoft Visual Studio Solution File, Format Version 12.00
# Visual Studio 15
VisualStudioVersion = 15.0.28307.1321
MinimumVisualStudioVersion = 10.0.40219.1
Project("{FAE04EC0-301F-11D3-BF4B-00C04F79EFBC}") = "TranslateFileName", "TranslateFileName\TranslateFileName.csproj", "{41FBDCB9-9E48-4808-9114-7EF986CB0868}"
EndProject
Global
	GlobalSection(SolutionConfigurationPlatforms) = preSolution
		Debug|Any CPU = Debug|Any CPU
		Release|Any CPU = Release|Any CPU
	EndGlobalSection
	GlobalSection(ProjectConfigurationPlatforms) = postSolution
		{41FBDCB9-9E48-4808-9114-7EF986CB0868}.Debug|Any CPU.ActiveCfg = Debug|Any CPU
		{41FBDCB9-9E48-4808-9114-7EF986CB0868}.Debug|Any CPU.Build.0 = Debug|Any CPU
		{41FBDCB9-9E48-4808-9114-7EF986CB0868}.Release|Any CPU.ActiveCfg = Release|Any CPU
		{41FBDCB9-9E48-4808-9114-7EF986CB0868}.Release|Any CPU.Build.0 = Release|Any CPU
	EndGlobalSection
	GlobalSection(SolutionProperties) = preSolution
		HideSolutionNode = FALSE
	EndGlobalSection
	GlobalSection(ExtensibilityGlobals) = postSolution
		SolutionGuid = {08C63753-CAB8-4CD9-925D-7C425A3EAC2B}
	EndGlobalSection
EndGlobal
